
Microsoft Visual Studio Solution File, Format Version 12.00
# Visual Studio Version 17
VisualStudioVersion = 17.11.35312.102
MinimumVisualStudioVersion = 10.0.40219.1
Project("{9A19103F-16F7-4668-BE54-9A1E7A4F7556}") = "MovieReservation", "MovieReservation\MovieReservation.csproj", "{EC9DC393-33F5-4FBC-A263-27DB3FCBCFEB}"
EndProject
Project("{FAE04EC0-301F-11D3-BF4B-00C04F79EFBC}") = "DbInfrastructure", "DbInfrastructure\DbInfrastructure.csproj", "{59DE18F3-6B16-47FE-9048-F9DC7B50C18D}"
EndProject
Project("{FAE04EC0-301F-11D3-BF4B-00C04F79EFBC}") = "Tests", "Tests\Tests.csproj", "{00BEC76A-5DDB-4731-904A-35DF4E437802}"
EndProject
Project("{FAE04EC0-301F-11D3-BF4B-00C04F79EFBC}") = "ApplicationLogic", "ApplicationLogic\ApplicationLogic.csproj", "{731AD241-B587-4900-A2C1-AA12A95BD5B7}"
EndProject
Global
	GlobalSection(SolutionConfigurationPlatforms) = preSolution
		Debug|Any CPU = Debug|Any CPU
		Release|Any CPU = Release|Any CPU
	EndGlobalSection
	GlobalSection(ProjectConfigurationPlatforms) = postSolution
		{EC9DC393-33F5-4FBC-A263-27DB3FCBCFEB}.Debug|Any CPU.ActiveCfg = Debug|Any CPU
		{EC9DC393-33F5-4FBC-A263-27DB3FCBCFEB}.Debug|Any CPU.Build.0 = Debug|Any CPU
		{EC9DC393-33F5-4FBC-A263-27DB3FCBCFEB}.Release|Any CPU.ActiveCfg = Release|Any CPU
		{EC9DC393-33F5-4FBC-A263-27DB3FCBCFEB}.Release|Any CPU.Build.0 = Release|Any CPU
		{59DE18F3-6B16-47FE-9048-F9DC7B50C18D}.Debug|Any CPU.ActiveCfg = Debug|Any CPU
		{59DE18F3-6B16-47FE-9048-F9DC7B50C18D}.Debug|Any CPU.Build.0 = Debug|Any CPU
		{59DE18F3-6B16-47FE-9048-F9DC7B50C18D}.Release|Any CPU.ActiveCfg = Release|Any CPU
		{59DE18F3-6B16-47FE-9048-F9DC7B50C18D}.Release|Any CPU.Build.0 = Release|Any CPU
		{00BEC76A-5DDB-4731-904A-35DF4E437802}.Debug|Any CPU.ActiveCfg = Debug|Any CPU
		{00BEC76A-5DDB-4731-904A-35DF4E437802}.Debug|Any CPU.Build.0 = Debug|Any CPU
		{00BEC76A-5DDB-4731-904A-35DF4E437802}.Release|Any CPU.ActiveCfg = Release|Any CPU
		{00BEC76A-5DDB-4731-904A-35DF4E437802}.Release|Any CPU.Build.0 = Release|Any CPU
		{731AD241-B587-4900-A2C1-AA12A95BD5B7}.Debug|Any CPU.ActiveCfg = Debug|Any CPU
		{731AD241-B587-4900-A2C1-AA12A95BD5B7}.Debug|Any CPU.Build.0 = Debug|Any CPU
		{731AD241-B587-4900-A2C1-AA12A95BD5B7}.Release|Any CPU.ActiveCfg = Release|Any CPU
		{731AD241-B587-4900-A2C1-AA12A95BD5B7}.Release|Any CPU.Build.0 = Release|Any CPU
	EndGlobalSection
	GlobalSection(SolutionProperties) = preSolution
		HideSolutionNode = FALSE
	EndGlobalSection
	GlobalSection(ExtensibilityGlobals) = postSolution
		SolutionGuid = {6B82C4B7-BCA9-49CD-BFD2-E3A46752E95F}
	EndGlobalSection
EndGlobal
